Microsoft Visual Studio Solution File, Format Version 11.00
# Visual Studio 2008

Project("{05F927FA-9AEE-6595-5E59-2E1FDB194F9C}") = "step walking", "Assembly-CSharp.csproj", "{E7F1E0D0-BD8E-6124-A5C0-68577EE8DE15}"
EndProject
Global
	GlobalSection(SolutionConfigurationPlatforms) = preSolution
		Debug|Any CPU = Debug|Any CPU
		Release|Any CPU = Release|Any CPU
	EndGlobalSection
	GlobalSection(ProjectConfigurationPlatforms) = postSolution
		{E7F1E0D0-BD8E-6124-A5C0-68577EE8DE15}.Debug|Any CPU.ActiveCfg = Debug|Any CPU
		{E7F1E0D0-BD8E-6124-A5C0-68577EE8DE15}.Debug|Any CPU.Build.0 = Debug|Any CPU
		{E7F1E0D0-BD8E-6124-A5C0-68577EE8DE15}.Release|Any CPU.ActiveCfg = Release|Any CPU
		{E7F1E0D0-BD8E-6124-A5C0-68577EE8DE15}.Release|Any CPU.Build.0 = Release|Any CPU
	EndGlobalSection
	GlobalSection(SolutionProperties) = preSolution
		HideSolutionNode = FALSE
	EndGlobalSection
	GlobalSection(MonoDevelopProperties) = preSolution
		StartupItem = Assembly-CSharp.csproj
	EndGlobalSection
EndGlobal
